{
  "buildHash": "a1d71616541af915cb8420d9b8a168bc",
  "jsApi": {
    "apiInstances": [],
    "apiAliases": {},
    "apiInterfaces": {},
    "apiNames": {
      "Spades": "Suit",
      "sameCard": "Card -> Card -> Boolean",
      "NoFace": "Short -> Rank",
      "has": "Card -> List Card -> Boolean",
      "sortDesc": "Boolean -> List Card -> List Card",
      "club": "Rank -> Card",
      "getFaceCards": "List Card -> List Card",
      "sameRank": "Card -> Card -> Boolean",
      "sameSuit": "Card -> Card -> Boolean",
      "Joker": "Suit",
      "joker": "Rank -> Card",
      "sortLowWithTrump": "Suit -> List Card -> List Card",
      "suit": "Card -> Suit",
      "isNonStandardRank": "Card -> Boolean",
      "consecutiveAceHigh": "Card -> Card -> Boolean",
      "deal": "Integer -> Integer -> List Card -> Maybe #[List (List Card), List Card]",
      "spade": "Rank -> Card",
      "match": "Suit -> Rank -> Card -> Boolean",
      "toOrdinalLow": "Rank -> Short",
      "sortWithTrump": "Suit -> List Card -> List Card",
      "consecutiveTo": "Boolean -> Card -> Card -> Boolean",
      "DECK_WITH_JOKERS": "List Card",
      "rank": "Card -> Rank",
      "getNonFaceCards": "List Card -> List Card",
      "Wildcard": "Rank",
      "Diamonds": "Suit",
      "sortDescWithTrump": "Boolean -> Suit -> List Card -> List Card",
      "Clubs": "Suit",
      "rankFrom": "Short -> Rank",
      "isFaceCard": "Card -> Boolean",
      "anyMatchingRank": "Card -> List Card -> Boolean",
      "sort": "List Card -> List Card",
      "InvalidRank": "Rank",
      "Ace": "Rank",
      "sortLow": "List Card -> List Card",
      "dedupe": "List Card -> List Card",
      "rejectBySuit": "Suit -> List Card -> List Card",
      "heart": "Rank -> Card",
      "diamond": "Rank -> Card",
      "isNoFaceCard": "Card -> Boolean",
      "isRank": "Rank -> Card -> Boolean",
      "Hearts": "Suit",
      "toOrdinal": "Rank -> Short",
      "Jack": "Rank",
      "remove": "Card -> List Card -> List Card",
      "consecutiveFlush": "Boolean -> Card -> Card -> Boolean",
      "DECK": "List Card",
      "findSameRank": "List Card -> List (List Card)",
      "compareWithTrump": "Boolean -> Suit -> Card -> Card -> Comparison",
      "filterBySuit": "Suit -> List Card -> List Card",
      "ordinalRank": "Boolean -> Rank -> Short",
      "Queen": "Rank",
      "isSuit": "Suit -> Card -> Boolean",
      "King": "Rank",
      "consecutiveAceLow": "Card -> Card -> Boolean",
      "Card": "Suit -> Rank -> Card"
    },
    "apiTypes": {}
  },
  "llvmApi": {
    "apiInstances": [],
    "apiAliases": {},
    "apiInterfaces": {},
    "apiNames": {
      "Spades": "Suit",
      "sameCard": "Card -> Card -> Boolean",
      "NoFace": "Short -> Rank",
      "has": "Card -> List Card -> Boolean",
      "sortDesc": "Boolean -> List Card -> List Card",
      "club": "Rank -> Card",
      "getFaceCards": "List Card -> List Card",
      "sameRank": "Card -> Card -> Boolean",
      "sameSuit": "Card -> Card -> Boolean",
      "Joker": "Suit",
      "joker": "Rank -> Card",
      "sortLowWithTrump": "Suit -> List Card -> List Card",
      "suit": "Card -> Suit",
      "isNonStandardRank": "Card -> Boolean",
      "consecutiveAceHigh": "Card -> Card -> Boolean",
      "deal": "Integer -> Integer -> List Card -> Maybe #[List (List Card), List Card]",
      "spade": "Rank -> Card",
      "match": "Suit -> Rank -> Card -> Boolean",
      "toOrdinalLow": "Rank -> Short",
      "sortWithTrump": "Suit -> List Card -> List Card",
      "consecutiveTo": "Boolean -> Card -> Card -> Boolean",
      "DECK_WITH_JOKERS": "List Card",
      "rank": "Card -> Rank",
      "getNonFaceCards": "List Card -> List Card",
      "Wildcard": "Rank",
      "Diamonds": "Suit",
      "sortDescWithTrump": "Boolean -> Suit -> List Card -> List Card",
      "Clubs": "Suit",
      "rankFrom": "Short -> Rank",
      "isFaceCard": "Card -> Boolean",
      "anyMatchingRank": "Card -> List Card -> Boolean",
      "sort": "List Card -> List Card",
      "InvalidRank": "Rank",
      "Ace": "Rank",
      "sortLow": "List Card -> List Card",
      "dedupe": "List Card -> List Card",
      "rejectBySuit": "Suit -> List Card -> List Card",
      "heart": "Rank -> Card",
      "diamond": "Rank -> Card",
      "isNoFaceCard": "Card -> Boolean",
      "isRank": "Rank -> Card -> Boolean",
      "Hearts": "Suit",
      "toOrdinal": "Rank -> Short",
      "Jack": "Rank",
      "remove": "Card -> List Card -> List Card",
      "consecutiveFlush": "Boolean -> Card -> Card -> Boolean",
      "DECK": "List Card",
      "findSameRank": "List Card -> List (List Card)",
      "compareWithTrump": "Boolean -> Suit -> Card -> Card -> Comparison",
      "filterBySuit": "Suit -> List Card -> List Card",
      "ordinalRank": "Boolean -> Rank -> Short",
      "Queen": "Rank",
      "isSuit": "Suit -> Card -> Boolean",
      "King": "Rank",
      "consecutiveAceLow": "Card -> Card -> Boolean",
      "Card": "Suit -> Rank -> Card"
    },
    "apiTypes": {}
  },
  "versionHash": "25e64aa754c310d45c1e084d574c1bb0"
}
