{
  "buildHash": "b9d8535f3c0cfac64d20f20a1942a06a",
  "jsApi": {
    "apiInstances": [
      "Comparable Card",
      "Scan Rank",
      "Comparable Rank",
      "Scan Suit"
    ],
    "apiAliases": {},
    "apiInterfaces": {},
    "apiNames": {
      "src/Cards.mad#consecutiveAceLow": "Card -> Card -> Boolean",
      "src/Cards.mad#club": "Rank -> Card",
      "Spades": "Suit",
      "src/Deck.mad#remove": "Card -> List Card -> List Card",
      "src/Deck.mad#filterBySuit": "Suit -> List Card -> List Card",
      "sameCard": "Card -> Card -> Boolean",
      "NoFace": "Short -> Rank",
      "has": "Card -> List Card -> Boolean",
      "sortDesc": "Boolean -> List Card -> List Card",
      "club": "Rank -> Card",
      "getFaceCards": "List Card -> List Card",
      "sameRank": "Card -> Card -> Boolean",
      "src/Cards.mad#rankFrom": "Short -> Rank",
      "sameSuit": "Card -> Card -> Boolean",
      "src/Cards.mad#isNonStandardRank": "Card -> Boolean",
      "Joker": "Suit",
      "joker": "Rank -> Card",
      "src/Cards.mad#isSuit": "Suit -> Card -> Boolean",
      "sortLowWithTrump": "Suit -> List Card -> List Card",
      "suit": "Card -> Suit",
      "isNonStandardRank": "Card -> Boolean",
      "consecutiveAceHigh": "Card -> Card -> Boolean",
      "deal": "Integer -> Integer -> List Card -> Maybe #[List (List Card), List Card]",
      "spade": "Rank -> Card",
      "match": "Suit -> Rank -> Card -> Boolean",
      "toOrdinalLow": "Rank -> Short",
      "src/Cards.mad#spade": "Rank -> Card",
      "src/Cards.mad#match": "Suit -> Rank -> Card -> Boolean",
      "sortWithTrump": "Suit -> List Card -> List Card",
      "src/Deck.mad#anyMatchingRank": "Card -> List Card -> Boolean",
      "src/Deck.mad#getFaceCards": "List Card -> List Card",
      "src/Deck.mad#has": "Card -> List Card -> Boolean",
      "src/Deck.mad#sort": "List Card -> List Card",
      "consecutiveTo": "Boolean -> Card -> Card -> Boolean",
      "src/Cards.mad#heart": "Rank -> Card",
      "src/Cards.mad#consecutiveFlush": "Boolean -> Card -> Card -> Boolean",
      "DECK_WITH_JOKERS": "List Card",
      "src/Deck.mad#rejectBySuit": "Suit -> List Card -> List Card",
      "src/Deck.mad#deal": "Integer -> Integer -> List Card -> Maybe #[List (List Card), List Card]",
      "src/Cards.mad#consecutiveAceHigh": "Card -> Card -> Boolean",
      "rank": "Card -> Rank",
      "getNonFaceCards": "List Card -> List Card",
      "Wildcard": "Rank",
      "src/Cards.mad#isRank": "Rank -> Card -> Boolean",
      "Diamonds": "Suit",
      "sortDescWithTrump": "Boolean -> Suit -> List Card -> List Card",
      "Clubs": "Suit",
      "rankFrom": "Short -> Rank",
      "src/Cards.mad#sameSuit": "Card -> Card -> Boolean",
      "src/Deck.mad#sortWithTrump": "Suit -> List Card -> List Card",
      "isFaceCard": "Card -> Boolean",
      "src/Deck.mad#dedupe": "List Card -> List Card",
      "anyMatchingRank": "Card -> List Card -> Boolean",
      "sort": "List Card -> List Card",
      "InvalidRank": "Rank",
      "Ace": "Rank",
      "sortLow": "List Card -> List Card",
      "src/Deck.mad#DECK_WITH_JOKERS": "List Card",
      "src/Cards.mad#isNoFaceCard": "Card -> Boolean",
      "dedupe": "List Card -> List Card",
      "rejectBySuit": "Suit -> List Card -> List Card",
      "heart": "Rank -> Card",
      "src/Cards.mad#toOrdinalLow": "Rank -> Short",
      "diamond": "Rank -> Card",
      "src/Deck.mad#compareWithTrump": "Boolean -> Suit -> Card -> Card -> Comparison",
      "src/Cards.mad#consecutiveTo": "Boolean -> Card -> Card -> Boolean",
      "src/Deck.mad#getNonFaceCards": "List Card -> List Card",
      "src/Cards.mad#toOrdinal": "Rank -> Short",
      "isNoFaceCard": "Card -> Boolean",
      "isRank": "Rank -> Card -> Boolean",
      "Hearts": "Suit",
      "src/Cards.mad#sameCard": "Card -> Card -> Boolean",
      "toOrdinal": "Rank -> Short",
      "Jack": "Rank",
      "src/Cards.mad#joker": "Rank -> Card",
      "src/Deck.mad#sortDescWithTrump": "Boolean -> Suit -> List Card -> List Card",
      "src/Cards.mad#isFaceCard": "Card -> Boolean",
      "remove": "Card -> List Card -> List Card",
      "consecutiveFlush": "Boolean -> Card -> Card -> Boolean",
      "DECK": "List Card",
      "findSameRank": "List Card -> List (List Card)",
      "src/Cards.mad#sameRank": "Card -> Card -> Boolean",
      "src/Cards.mad#ordinalRank": "Boolean -> Rank -> Short",
      "src/Cards.mad#suit": "Card -> Suit",
      "compareWithTrump": "Boolean -> Suit -> Card -> Card -> Comparison",
      "src/Deck.mad#sortLow": "List Card -> List Card",
      "src/Cards.mad#rank": "Card -> Rank",
      "filterBySuit": "Suit -> List Card -> List Card",
      "ordinalRank": "Boolean -> Rank -> Short",
      "Queen": "Rank",
      "src/Deck.mad#sortDesc": "Boolean -> List Card -> List Card",
      "src/Deck.mad#findSameRank": "List Card -> List (List Card)",
      "isSuit": "Suit -> Card -> Boolean",
      "King": "Rank",
      "src/Deck.mad#DECK": "List Card",
      "src/Deck.mad#sortLowWithTrump": "Suit -> List Card -> List Card",
      "src/Cards.mad#diamond": "Rank -> Card",
      "consecutiveAceLow": "Card -> Card -> Boolean",
      "Card": "Suit -> Rank -> Card"
    },
    "apiTypes": {
      "src/Cards.mad#Card": [
        "Card Suit Rank"
      ],
      "src/Cards.mad#Suit": [
        "Clubs",
        "Diamonds",
        "Hearts",
        "Spades",
        "Joker"
      ],
      "src/Cards.mad#Rank": [
        "NoFace Short",
        "Jack",
        "Queen",
        "King",
        "Ace",
        "Wildcard",
        "InvalidRank"
      ]
    }
  },
  "llvmApi": {
    "apiInstances": [
      "Comparable Card",
      "Scan Rank",
      "Comparable Rank",
      "Scan Suit"
    ],
    "apiAliases": {},
    "apiInterfaces": {},
    "apiNames": {
      "src/Cards.mad#consecutiveAceLow": "Card -> Card -> Boolean",
      "src/Cards.mad#club": "Rank -> Card",
      "Spades": "Suit",
      "src/Deck.mad#remove": "Card -> List Card -> List Card",
      "src/Deck.mad#filterBySuit": "Suit -> List Card -> List Card",
      "sameCard": "Card -> Card -> Boolean",
      "NoFace": "Short -> Rank",
      "has": "Card -> List Card -> Boolean",
      "sortDesc": "Boolean -> List Card -> List Card",
      "club": "Rank -> Card",
      "getFaceCards": "List Card -> List Card",
      "sameRank": "Card -> Card -> Boolean",
      "src/Cards.mad#rankFrom": "Short -> Rank",
      "sameSuit": "Card -> Card -> Boolean",
      "src/Cards.mad#isNonStandardRank": "Card -> Boolean",
      "Joker": "Suit",
      "joker": "Rank -> Card",
      "src/Cards.mad#isSuit": "Suit -> Card -> Boolean",
      "sortLowWithTrump": "Suit -> List Card -> List Card",
      "suit": "Card -> Suit",
      "isNonStandardRank": "Card -> Boolean",
      "consecutiveAceHigh": "Card -> Card -> Boolean",
      "deal": "Integer -> Integer -> List Card -> Maybe #[List (List Card), List Card]",
      "spade": "Rank -> Card",
      "match": "Suit -> Rank -> Card -> Boolean",
      "toOrdinalLow": "Rank -> Short",
      "src/Cards.mad#spade": "Rank -> Card",
      "src/Cards.mad#match": "Suit -> Rank -> Card -> Boolean",
      "sortWithTrump": "Suit -> List Card -> List Card",
      "src/Deck.mad#anyMatchingRank": "Card -> List Card -> Boolean",
      "src/Deck.mad#getFaceCards": "List Card -> List Card",
      "src/Deck.mad#has": "Card -> List Card -> Boolean",
      "src/Deck.mad#sort": "List Card -> List Card",
      "consecutiveTo": "Boolean -> Card -> Card -> Boolean",
      "src/Cards.mad#heart": "Rank -> Card",
      "src/Cards.mad#consecutiveFlush": "Boolean -> Card -> Card -> Boolean",
      "DECK_WITH_JOKERS": "List Card",
      "src/Deck.mad#rejectBySuit": "Suit -> List Card -> List Card",
      "src/Deck.mad#deal": "Integer -> Integer -> List Card -> Maybe #[List (List Card), List Card]",
      "src/Cards.mad#consecutiveAceHigh": "Card -> Card -> Boolean",
      "rank": "Card -> Rank",
      "getNonFaceCards": "List Card -> List Card",
      "Wildcard": "Rank",
      "src/Cards.mad#isRank": "Rank -> Card -> Boolean",
      "Diamonds": "Suit",
      "sortDescWithTrump": "Boolean -> Suit -> List Card -> List Card",
      "Clubs": "Suit",
      "rankFrom": "Short -> Rank",
      "src/Cards.mad#sameSuit": "Card -> Card -> Boolean",
      "src/Deck.mad#sortWithTrump": "Suit -> List Card -> List Card",
      "isFaceCard": "Card -> Boolean",
      "src/Deck.mad#dedupe": "List Card -> List Card",
      "anyMatchingRank": "Card -> List Card -> Boolean",
      "sort": "List Card -> List Card",
      "InvalidRank": "Rank",
      "Ace": "Rank",
      "sortLow": "List Card -> List Card",
      "src/Deck.mad#DECK_WITH_JOKERS": "List Card",
      "src/Cards.mad#isNoFaceCard": "Card -> Boolean",
      "dedupe": "List Card -> List Card",
      "rejectBySuit": "Suit -> List Card -> List Card",
      "heart": "Rank -> Card",
      "src/Cards.mad#toOrdinalLow": "Rank -> Short",
      "diamond": "Rank -> Card",
      "src/Deck.mad#compareWithTrump": "Boolean -> Suit -> Card -> Card -> Comparison",
      "src/Cards.mad#consecutiveTo": "Boolean -> Card -> Card -> Boolean",
      "src/Deck.mad#getNonFaceCards": "List Card -> List Card",
      "src/Cards.mad#toOrdinal": "Rank -> Short",
      "isNoFaceCard": "Card -> Boolean",
      "isRank": "Rank -> Card -> Boolean",
      "Hearts": "Suit",
      "src/Cards.mad#sameCard": "Card -> Card -> Boolean",
      "toOrdinal": "Rank -> Short",
      "Jack": "Rank",
      "src/Cards.mad#joker": "Rank -> Card",
      "src/Deck.mad#sortDescWithTrump": "Boolean -> Suit -> List Card -> List Card",
      "src/Cards.mad#isFaceCard": "Card -> Boolean",
      "remove": "Card -> List Card -> List Card",
      "consecutiveFlush": "Boolean -> Card -> Card -> Boolean",
      "DECK": "List Card",
      "findSameRank": "List Card -> List (List Card)",
      "src/Cards.mad#sameRank": "Card -> Card -> Boolean",
      "src/Cards.mad#ordinalRank": "Boolean -> Rank -> Short",
      "src/Cards.mad#suit": "Card -> Suit",
      "compareWithTrump": "Boolean -> Suit -> Card -> Card -> Comparison",
      "src/Deck.mad#sortLow": "List Card -> List Card",
      "src/Cards.mad#rank": "Card -> Rank",
      "filterBySuit": "Suit -> List Card -> List Card",
      "ordinalRank": "Boolean -> Rank -> Short",
      "Queen": "Rank",
      "src/Deck.mad#sortDesc": "Boolean -> List Card -> List Card",
      "src/Deck.mad#findSameRank": "List Card -> List (List Card)",
      "isSuit": "Suit -> Card -> Boolean",
      "King": "Rank",
      "src/Deck.mad#DECK": "List Card",
      "src/Deck.mad#sortLowWithTrump": "Suit -> List Card -> List Card",
      "src/Cards.mad#diamond": "Rank -> Card",
      "consecutiveAceLow": "Card -> Card -> Boolean",
      "Card": "Suit -> Rank -> Card"
    },
    "apiTypes": {
      "src/Cards.mad#Card": [
        "Card Suit Rank"
      ],
      "src/Cards.mad#Suit": [
        "Clubs",
        "Diamonds",
        "Hearts",
        "Spades",
        "Joker"
      ],
      "src/Cards.mad#Rank": [
        "NoFace Short",
        "Jack",
        "Queen",
        "King",
        "Ace",
        "Wildcard",
        "InvalidRank"
      ]
    }
  },
  "versionHash": "25e64aa754c310d45c1e084d574c1bb0"
}
